{
  "version": 4,
  "terraform_version": "1.5.0",
  "serial": 12,
  "lineage": "8fe99d08-8671-b9d1-1667-1fd64355f465",
  "outputs": {},
  "resources": [
    {
      "mode": "managed",
      "type": "docker_image",
      "name": "mysql",
      "provider": "provider[\"registry.terraform.io/kreuzwerker/docker\"]",
      "instances": [
        {
          "schema_version": 0,
          "attributes": {
            "build": [],
            "force_remove": null,
            "id": "sha256:1732fe3340d5c0968312658c137eaa840f53c3bb83b5f962a67e3bdd784724b7mysql:latest",
            "image_id": "sha256:1732fe3340d5c0968312658c137eaa840f53c3bb83b5f962a67e3bdd784724b7",
            "keep_locally": null,
            "name": "mysql:latest",
            "platform": null,
            "pull_triggers": null,
            "repo_digest": "mysql@sha256:15f069202c46cf861ce429423ae3f8dfa6423306fbf399eaef36094ce30dd75c",
            "triggers": null
          },
          "sensitive_attributes": [],
          "private": "bnVsbA=="
        }
      ]
    },
    {
      "mode": "managed",
      "type": "docker_volume",
      "name": "data_volume",
      "provider": "provider[\"registry.terraform.io/kreuzwerker/docker\"]",
      "instances": [
        {
          "schema_version": 1,
          "attributes": {
            "driver": "local",
            "driver_opts": {},
            "id": "data-volume",
            "labels": [],
            "mountpoint": "/home/ami.linux/.local/share/docker/volumes/data-volume/_data",
            "name": "data-volume"
          },
          "sensitive_attributes": [],
          "private": "eyJzY2hlbWFfdmVyc2lvbiI6IjEifQ=="
        }
      ]
    }
  ],
  "check_results": null
}
